
Microsoft Visual Studio Solution File, Format Version 12.00
# Visual Studio Version 16
VisualStudioVersion = 16.0.29001.49
MinimumVisualStudioVersion = 10.0.40219.1
Project("{FAE04EC0-301F-11D3-BF4B-00C04F79EFBC}") = "3_MVCApplication", "3_MVCApplication\3_MVCApplication.csproj", "{04434635-47C5-4202-BC23-C92DD92FAC50}"
EndProject
Global
	GlobalSection(SolutionConfigurationPlatforms) = preSolution
		Debug|Any CPU = Debug|Any CPU
		Release|Any CPU = Release|Any CPU
	EndGlobalSection
	GlobalSection(ProjectConfigurationPlatforms) = postSolution
		{04434635-47C5-4202-BC23-C92DD92FAC50}.Debug|Any CPU.ActiveCfg = Debug|Any CPU
		{04434635-47C5-4202-BC23-C92DD92FAC50}.Debug|Any CPU.Build.0 = Debug|Any CPU
		{04434635-47C5-4202-BC23-C92DD92FAC50}.Release|Any CPU.ActiveCfg = Release|Any CPU
		{04434635-47C5-4202-BC23-C92DD92FAC50}.Release|Any CPU.Build.0 = Release|Any CPU
	EndGlobalSection
	GlobalSection(SolutionProperties) = preSolution
		HideSolutionNode = FALSE
	EndGlobalSection
	GlobalSection(ExtensibilityGlobals) = postSolution
		SolutionGuid = {14B8D7C9-356C-4B72-A1E6-459B6D43E495}
	EndGlobalSection
EndGlobal
